
Microsoft Visual Studio Solution File, Format Version 12.00
# Visual Studio 15
VisualStudioVersion = 15.0.28010.2041
MinimumVisualStudioVersion = 10.0.40219.1
Project("{9A19103F-16F7-4668-BE54-9A1E7A4F7556}") = "StandardCollections", "StandardCollections\StandardCollections.csproj", "{8E57CB8A-23FB-470B-82A3-9383EEA3C3BF}"
EndProject
Project("{FAE04EC0-301F-11D3-BF4B-00C04F79EFBC}") = "StandardCollections10", "StandardCollections10\StandardCollections10.csproj", "{1478E109-8632-4037-B098-649819AF48C2}"
EndProject
Project("{2150E333-8FDC-42A3-9474-1A3956D46DE8}") = "dotNetStandard10", "dotNetStandard10", "{2B956C09-38BD-4423-9F41-3E45FA239D39}"
EndProject
Global
	GlobalSection(SolutionConfigurationPlatforms) = preSolution
		Debug|Any CPU = Debug|Any CPU
		Release|Any CPU = Release|Any CPU
	EndGlobalSection
	GlobalSection(ProjectConfigurationPlatforms) = postSolution
		{8E57CB8A-23FB-470B-82A3-9383EEA3C3BF}.Debug|Any CPU.ActiveCfg = Debug|Any CPU
		{8E57CB8A-23FB-470B-82A3-9383EEA3C3BF}.Debug|Any CPU.Build.0 = Debug|Any CPU
		{8E57CB8A-23FB-470B-82A3-9383EEA3C3BF}.Release|Any CPU.ActiveCfg = Release|Any CPU
		{8E57CB8A-23FB-470B-82A3-9383EEA3C3BF}.Release|Any CPU.Build.0 = Release|Any CPU
		{1478E109-8632-4037-B098-649819AF48C2}.Debug|Any CPU.ActiveCfg = Debug|Any CPU
		{1478E109-8632-4037-B098-649819AF48C2}.Debug|Any CPU.Build.0 = Debug|Any CPU
		{1478E109-8632-4037-B098-649819AF48C2}.Release|Any CPU.ActiveCfg = Release|Any CPU
		{1478E109-8632-4037-B098-649819AF48C2}.Release|Any CPU.Build.0 = Release|Any CPU
	EndGlobalSection
	GlobalSection(SolutionProperties) = preSolution
		HideSolutionNode = FALSE
	EndGlobalSection
	GlobalSection(NestedProjects) = preSolution
		{1478E109-8632-4037-B098-649819AF48C2} = {2B956C09-38BD-4423-9F41-3E45FA239D39}
	EndGlobalSection
	GlobalSection(ExtensibilityGlobals) = postSolution
		SolutionGuid = {896CACD9-3165-41D2-9738-9C0A621639CC}
	EndGlobalSection
EndGlobal
